
Microsoft Visual Studio Solution File, Format Version 12.00
# Visual Studio 15
VisualStudioVersion = 15.0.27703.2026
MinimumVisualStudioVersion = 10.0.40219.1
Project("{FAE04EC0-301F-11D3-BF4B-00C04F79EFBC}") = "regForm1", "regForm1\regForm1.csproj", "{9F26C8A0-B463-4EC3-ABF9-277635FFDE0F}"
EndProject
Global
	GlobalSection(SolutionConfigurationPlatforms) = preSolution
		Debug|Any CPU = Debug|Any CPU
		Release|Any CPU = Release|Any CPU
	EndGlobalSection
	GlobalSection(ProjectConfigurationPlatforms) = postSolution
		{9F26C8A0-B463-4EC3-ABF9-277635FFDE0F}.Debug|Any CPU.ActiveCfg = Debug|Any CPU
		{9F26C8A0-B463-4EC3-ABF9-277635FFDE0F}.Debug|Any CPU.Build.0 = Debug|Any CPU
		{9F26C8A0-B463-4EC3-ABF9-277635FFDE0F}.Release|Any CPU.ActiveCfg = Release|Any CPU
		{9F26C8A0-B463-4EC3-ABF9-277635FFDE0F}.Release|Any CPU.Build.0 = Release|Any CPU
	EndGlobalSection
	GlobalSection(SolutionProperties) = preSolution
		HideSolutionNode = FALSE
	EndGlobalSection
	GlobalSection(ExtensibilityGlobals) = postSolution
		SolutionGuid = {60954DCA-0BBA-4A4C-92BE-999FE29375D9}
	EndGlobalSection
EndGlobal
